
Microsoft Visual Studio Solution File, Format Version 12.00
# Visual Studio 2013
VisualStudioVersion = 12.0.30723.0
MinimumVisualStudioVersion = 10.0.40219.1
Project("{FAE04EC0-301F-11D3-BF4B-00C04F79EFBC}") = "Darts.Tests", "Darts.Tests\Darts.Tests.csproj", "{26C434A8-3F1F-4059-A597-A353619DE4B3}"
EndProject
Project("{FAE04EC0-301F-11D3-BF4B-00C04F79EFBC}") = "Darts", "Darts\Darts.csproj", "{B001D2DF-75E7-4892-9D89-F9FC6C573624}"
EndProject
Global
	GlobalSection(SolutionConfigurationPlatforms) = preSolution
		Debug|Any CPU = Debug|Any CPU
		Release|Any CPU = Release|Any CPU
	EndGlobalSection
	GlobalSection(ProjectConfigurationPlatforms) = postSolution
		{26C434A8-3F1F-4059-A597-A353619DE4B3}.Debug|Any CPU.ActiveCfg = Debug|Any CPU
		{26C434A8-3F1F-4059-A597-A353619DE4B3}.Debug|Any CPU.Build.0 = Debug|Any CPU
		{26C434A8-3F1F-4059-A597-A353619DE4B3}.Release|Any CPU.ActiveCfg = Release|Any CPU
		{26C434A8-3F1F-4059-A597-A353619DE4B3}.Release|Any CPU.Build.0 = Release|Any CPU
		{B001D2DF-75E7-4892-9D89-F9FC6C573624}.Debug|Any CPU.ActiveCfg = Debug|Any CPU
		{B001D2DF-75E7-4892-9D89-F9FC6C573624}.Debug|Any CPU.Build.0 = Debug|Any CPU
		{B001D2DF-75E7-4892-9D89-F9FC6C573624}.Release|Any CPU.ActiveCfg = Release|Any CPU
		{B001D2DF-75E7-4892-9D89-F9FC6C573624}.Release|Any CPU.Build.0 = Release|Any CPU
	EndGlobalSection
	GlobalSection(SolutionProperties) = preSolution
		HideSolutionNode = FALSE
	EndGlobalSection
EndGlobal
